
Microsoft Visual Studio Solution File, Format Version 12.00
# Visual Studio Version 16
VisualStudioVersion = 16.0.32413.511
MinimumVisualStudioVersion = 10.0.40219.1
Project("{FAE04EC0-301F-11D3-BF4B-00C04F79EFBC}") = "Lesson2", "Lesson2.csproj", "{D3701224-E818-451E-A159-8B765889A197}"
EndProject
Global
	GlobalSection(SolutionConfigurationPlatforms) = preSolution
		Debug|Any CPU = Debug|Any CPU
		Release|Any CPU = Release|Any CPU
	EndGlobalSection
	GlobalSection(ProjectConfigurationPlatforms) = postSolution
		{D3701224-E818-451E-A159-8B765889A197}.Debug|Any CPU.ActiveCfg = Debug|Any CPU
		{D3701224-E818-451E-A159-8B765889A197}.Debug|Any CPU.Build.0 = Debug|Any CPU
		{D3701224-E818-451E-A159-8B765889A197}.Release|Any CPU.ActiveCfg = Release|Any CPU
		{D3701224-E818-451E-A159-8B765889A197}.Release|Any CPU.Build.0 = Release|Any CPU
	EndGlobalSection
	GlobalSection(SolutionProperties) = preSolution
		HideSolutionNode = FALSE
	EndGlobalSection
	GlobalSection(ExtensibilityGlobals) = postSolution
		SolutionGuid = {3227F519-1B69-41AC-BBDD-BE7083159FB5}
	EndGlobalSection
EndGlobal
