
Microsoft Visual Studio Solution File, Format Version 12.00
# Visual Studio Version 16
VisualStudioVersion = 16.0.32413.511
MinimumVisualStudioVersion = 10.0.40219.1
Project("{FAE04EC0-301F-11D3-BF4B-00C04F79EFBC}") = "Lesson6", "Lesson6.csproj", "{EB290C2F-9249-42EE-B491-74A6DDE2D90D}"
EndProject
Global
	GlobalSection(SolutionConfigurationPlatforms) = preSolution
		Debug|Any CPU = Debug|Any CPU
		Release|Any CPU = Release|Any CPU
	EndGlobalSection
	GlobalSection(ProjectConfigurationPlatforms) = postSolution
		{EB290C2F-9249-42EE-B491-74A6DDE2D90D}.Debug|Any CPU.ActiveCfg = Debug|Any CPU
		{EB290C2F-9249-42EE-B491-74A6DDE2D90D}.Debug|Any CPU.Build.0 = Debug|Any CPU
		{EB290C2F-9249-42EE-B491-74A6DDE2D90D}.Release|Any CPU.ActiveCfg = Release|Any CPU
		{EB290C2F-9249-42EE-B491-74A6DDE2D90D}.Release|Any CPU.Build.0 = Release|Any CPU
	EndGlobalSection
	GlobalSection(SolutionProperties) = preSolution
		HideSolutionNode = FALSE
	EndGlobalSection
	GlobalSection(ExtensibilityGlobals) = postSolution
		SolutionGuid = {82C73181-EF42-4264-9ACF-E0771203B354}
	EndGlobalSection
EndGlobal
